
Microsoft Visual Studio Solution File, Format Version 12.00
# Visual Studio Version 16
VisualStudioVersion = 16.0.33214.272
MinimumVisualStudioVersion = 10.0.40219.1
Project("{FAE04EC0-301F-11D3-BF4B-00C04F79EFBC}") = "DAL", "DAL\DAL.csproj", "{51672BE1-7806-4714-B21F-DEDD46B59BBE}"
EndProject
Project("{FAE04EC0-301F-11D3-BF4B-00C04F79EFBC}") = "BL", "BL\BL.csproj", "{661FF7D4-B004-4BC6-A827-F3B4F45CD404}"
EndProject
Project("{FAE04EC0-301F-11D3-BF4B-00C04F79EFBC}") = "Entities", "Entities\Entities.csproj", "{15345D3B-E107-40A5-964E-041313BE2F01}"
EndProject
Project("{FAE04EC0-301F-11D3-BF4B-00C04F79EFBC}") = "REST", "REST\REST.csproj", "{89BBF291-93F3-4D43-B277-41B2CEBB1DD5}"
EndProject
Global
	GlobalSection(SolutionConfigurationPlatforms) = preSolution
		Debug|Any CPU = Debug|Any CPU
		Debug|ARM = Debug|ARM
		Debug|ARM64 = Debug|ARM64
		Debug|x64 = Debug|x64
		Debug|x86 = Debug|x86
		Release|Any CPU = Release|Any CPU
		Release|ARM = Release|ARM
		Release|ARM64 = Release|ARM64
		Release|x64 = Release|x64
		Release|x86 = Release|x86
	EndGlobalSection
	GlobalSection(ProjectConfigurationPlatforms) = postSolution
		{51672BE1-7806-4714-B21F-DEDD46B59BBE}.Debug|Any CPU.ActiveCfg = Debug|Any CPU
		{51672BE1-7806-4714-B21F-DEDD46B59BBE}.Debug|Any CPU.Build.0 = Debug|Any CPU
		{51672BE1-7806-4714-B21F-DEDD46B59BBE}.Debug|ARM.ActiveCfg = Debug|Any CPU
		{51672BE1-7806-4714-B21F-DEDD46B59BBE}.Debug|ARM.Build.0 = Debug|Any CPU
		{51672BE1-7806-4714-B21F-DEDD46B59BBE}.Debug|ARM64.ActiveCfg = Debug|Any CPU
		{51672BE1-7806-4714-B21F-DEDD46B59BBE}.Debug|ARM64.Build.0 = Debug|Any CPU
		{51672BE1-7806-4714-B21F-DEDD46B59BBE}.Debug|x64.ActiveCfg = Debug|Any CPU
		{51672BE1-7806-4714-B21F-DEDD46B59BBE}.Debug|x64.Build.0 = Debug|Any CPU
		{51672BE1-7806-4714-B21F-DEDD46B59BBE}.Debug|x86.ActiveCfg = Debug|Any CPU
		{51672BE1-7806-4714-B21F-DEDD46B59BBE}.Debug|x86.Build.0 = Debug|Any CPU
		{51672BE1-7806-4714-B21F-DEDD46B59BBE}.Release|Any CPU.ActiveCfg = Release|Any CPU
		{51672BE1-7806-4714-B21F-DEDD46B59BBE}.Release|Any CPU.Build.0 = Release|Any CPU
		{51672BE1-7806-4714-B21F-DEDD46B59BBE}.Release|ARM.ActiveCfg = Release|Any CPU
		{51672BE1-7806-4714-B21F-DEDD46B59BBE}.Release|ARM.Build.0 = Release|Any CPU
		{51672BE1-7806-4714-B21F-DEDD46B59BBE}.Release|ARM64.ActiveCfg = Release|Any CPU
		{51672BE1-7806-4714-B21F-DEDD46B59BBE}.Release|ARM64.Build.0 = Release|Any CPU
		{51672BE1-7806-4714-B21F-DEDD46B59BBE}.Release|x64.ActiveCfg = Release|Any CPU
		{51672BE1-7806-4714-B21F-DEDD46B59BBE}.Release|x64.Build.0 = Release|Any CPU
		{51672BE1-7806-4714-B21F-DEDD46B59BBE}.Release|x86.ActiveCfg = Release|Any CPU
		{51672BE1-7806-4714-B21F-DEDD46B59BBE}.Release|x86.Build.0 = Release|Any CPU
		{661FF7D4-B004-4BC6-A827-F3B4F45CD404}.Debug|Any CPU.ActiveCfg = Debug|Any CPU
		{661FF7D4-B004-4BC6-A827-F3B4F45CD404}.Debug|Any CPU.Build.0 = Debug|Any CPU
		{661FF7D4-B004-4BC6-A827-F3B4F45CD404}.Debug|ARM.ActiveCfg = Debug|Any CPU
		{661FF7D4-B004-4BC6-A827-F3B4F45CD404}.Debug|ARM.Build.0 = Debug|Any CPU
		{661FF7D4-B004-4BC6-A827-F3B4F45CD404}.Debug|ARM64.ActiveCfg = Debug|Any CPU
		{661FF7D4-B004-4BC6-A827-F3B4F45CD404}.Debug|ARM64.Build.0 = Debug|Any CPU
		{661FF7D4-B004-4BC6-A827-F3B4F45CD404}.Debug|x64.ActiveCfg = Debug|Any CPU
		{661FF7D4-B004-4BC6-A827-F3B4F45CD404}.Debug|x64.Build.0 = Debug|Any CPU
		{661FF7D4-B004-4BC6-A827-F3B4F45CD404}.Debug|x86.ActiveCfg = Debug|Any CPU
		{661FF7D4-B004-4BC6-A827-F3B4F45CD404}.Debug|x86.Build.0 = Debug|Any CPU
		{661FF7D4-B004-4BC6-A827-F3B4F45CD404}.Release|Any CPU.ActiveCfg = Release|Any CPU
		{661FF7D4-B004-4BC6-A827-F3B4F45CD404}.Release|Any CPU.Build.0 = Release|Any CPU
		{661FF7D4-B004-4BC6-A827-F3B4F45CD404}.Release|ARM.ActiveCfg = Release|Any CPU
		{661FF7D4-B004-4BC6-A827-F3B4F45CD404}.Release|ARM.Build.0 = Release|Any CPU
		{661FF7D4-B004-4BC6-A827-F3B4F45CD404}.Release|ARM64.ActiveCfg = Release|Any CPU
		{661FF7D4-B004-4BC6-A827-F3B4F45CD404}.Release|ARM64.Build.0 = Release|Any CPU
		{661FF7D4-B004-4BC6-A827-F3B4F45CD404}.Release|x64.ActiveCfg = Release|Any CPU
		{661FF7D4-B004-4BC6-A827-F3B4F45CD404}.Release|x64.Build.0 = Release|Any CPU
		{661FF7D4-B004-4BC6-A827-F3B4F45CD404}.Release|x86.ActiveCfg = Release|Any CPU
		{661FF7D4-B004-4BC6-A827-F3B4F45CD404}.Release|x86.Build.0 = Release|Any CPU
		{15345D3B-E107-40A5-964E-041313BE2F01}.Debug|Any CPU.ActiveCfg = Debug|Any CPU
		{15345D3B-E107-40A5-964E-041313BE2F01}.Debug|Any CPU.Build.0 = Debug|Any CPU
		{15345D3B-E107-40A5-964E-041313BE2F01}.Debug|ARM.ActiveCfg = Debug|Any CPU
		{15345D3B-E107-40A5-964E-041313BE2F01}.Debug|ARM.Build.0 = Debug|Any CPU
		{15345D3B-E107-40A5-964E-041313BE2F01}.Debug|ARM64.ActiveCfg = Debug|Any CPU
		{15345D3B-E107-40A5-964E-041313BE2F01}.Debug|ARM64.Build.0 = Debug|Any CPU
		{15345D3B-E107-40A5-964E-041313BE2F01}.Debug|x64.ActiveCfg = Debug|Any CPU
		{15345D3B-E107-40A5-964E-041313BE2F01}.Debug|x64.Build.0 = Debug|Any CPU
		{15345D3B-E107-40A5-964E-041313BE2F01}.Debug|x86.ActiveCfg = Debug|Any CPU
		{15345D3B-E107-40A5-964E-041313BE2F01}.Debug|x86.Build.0 = Debug|Any CPU
		{15345D3B-E107-40A5-964E-041313BE2F01}.Release|Any CPU.ActiveCfg = Release|Any CPU
		{15345D3B-E107-40A5-964E-041313BE2F01}.Release|Any CPU.Build.0 = Release|Any CPU
		{15345D3B-E107-40A5-964E-041313BE2F01}.Release|ARM.ActiveCfg = Release|Any CPU
		{15345D3B-E107-40A5-964E-041313BE2F01}.Release|ARM.Build.0 = Release|Any CPU
		{15345D3B-E107-40A5-964E-041313BE2F01}.Release|ARM64.ActiveCfg = Release|Any CPU
		{15345D3B-E107-40A5-964E-041313BE2F01}.Release|ARM64.Build.0 = Release|Any CPU
		{15345D3B-E107-40A5-964E-041313BE2F01}.Release|x64.ActiveCfg = Release|Any CPU
		{15345D3B-E107-40A5-964E-041313BE2F01}.Release|x64.Build.0 = Release|Any CPU
		{15345D3B-E107-40A5-964E-041313BE2F01}.Release|x86.ActiveCfg = Release|Any CPU
		{15345D3B-E107-40A5-964E-041313BE2F01}.Release|x86.Build.0 = Release|Any CPU
		{89BBF291-93F3-4D43-B277-41B2CEBB1DD5}.Debug|Any CPU.ActiveCfg = Debug|Any CPU
		{89BBF291-93F3-4D43-B277-41B2CEBB1DD5}.Debug|Any CPU.Build.0 = Debug|Any CPU
		{89BBF291-93F3-4D43-B277-41B2CEBB1DD5}.Debug|ARM.ActiveCfg = Debug|Any CPU
		{89BBF291-93F3-4D43-B277-41B2CEBB1DD5}.Debug|ARM.Build.0 = Debug|Any CPU
		{89BBF291-93F3-4D43-B277-41B2CEBB1DD5}.Debug|ARM64.ActiveCfg = Debug|Any CPU
		{89BBF291-93F3-4D43-B277-41B2CEBB1DD5}.Debug|ARM64.Build.0 = Debug|Any CPU
		{89BBF291-93F3-4D43-B277-41B2CEBB1DD5}.Debug|x64.ActiveCfg = Debug|Any CPU
		{89BBF291-93F3-4D43-B277-41B2CEBB1DD5}.Debug|x64.Build.0 = Debug|Any CPU
		{89BBF291-93F3-4D43-B277-41B2CEBB1DD5}.Debug|x86.ActiveCfg = Debug|Any CPU
		{89BBF291-93F3-4D43-B277-41B2CEBB1DD5}.Debug|x86.Build.0 = Debug|Any CPU
		{89BBF291-93F3-4D43-B277-41B2CEBB1DD5}.Release|Any CPU.ActiveCfg = Release|Any CPU
		{89BBF291-93F3-4D43-B277-41B2CEBB1DD5}.Release|Any CPU.Build.0 = Release|Any CPU
		{89BBF291-93F3-4D43-B277-41B2CEBB1DD5}.Release|ARM.ActiveCfg = Release|Any CPU
		{89BBF291-93F3-4D43-B277-41B2CEBB1DD5}.Release|ARM.Build.0 = Release|Any CPU
		{89BBF291-93F3-4D43-B277-41B2CEBB1DD5}.Release|ARM64.ActiveCfg = Release|Any CPU
		{89BBF291-93F3-4D43-B277-41B2CEBB1DD5}.Release|ARM64.Build.0 = Release|Any CPU
		{89BBF291-93F3-4D43-B277-41B2CEBB1DD5}.Release|x64.ActiveCfg = Release|Any CPU
		{89BBF291-93F3-4D43-B277-41B2CEBB1DD5}.Release|x64.Build.0 = Release|Any CPU
		{89BBF291-93F3-4D43-B277-41B2CEBB1DD5}.Release|x86.ActiveCfg = Release|Any CPU
		{89BBF291-93F3-4D43-B277-41B2CEBB1DD5}.Release|x86.Build.0 = Release|Any CPU
	EndGlobalSection
	GlobalSection(SolutionProperties) = preSolution
		HideSolutionNode = FALSE
	EndGlobalSection
	GlobalSection(ExtensibilityGlobals) = postSolution
		SolutionGuid = {BCC0E1D8-CBB9-43B8-8332-8AAD6BB9FFBD}
	EndGlobalSection
EndGlobal
